
Microsoft Visual Studio Solution File, Format Version 12.00
# Visual Studio Version 17
VisualStudioVersion = 17.0.31903.59
MinimumVisualStudioVersion = 10.0.40219.1
Project("{9A19103F-16F7-4668-BE54-9A1E7A4F7556}") = "Frontend", "Frontend\Frontend.csproj", "{D19344EE-3D30-45DB-A25B-5353861EFE79}"
EndProject
Project("{9A19103F-16F7-4668-BE54-9A1E7A4F7556}") = "StockService", "StockService\StockService.csproj", "{455B1A63-89E9-4BD8-AA80-AF4AA723C296}"
EndProject
Project("{FAE04EC0-301F-11D3-BF4B-00C04F79EFBC}") = "DecoupledBot", "DecoupledBot\DecoupledBot.csproj", "{71C49AEE-7DD4-4834-8B06-4070A22D897F}"
EndProject
Global
	GlobalSection(SolutionConfigurationPlatforms) = preSolution
		Debug|Any CPU = Debug|Any CPU
		Release|Any CPU = Release|Any CPU
	EndGlobalSection
	GlobalSection(ProjectConfigurationPlatforms) = postSolution
		{D19344EE-3D30-45DB-A25B-5353861EFE79}.Debug|Any CPU.ActiveCfg = Debug|Any CPU
		{D19344EE-3D30-45DB-A25B-5353861EFE79}.Debug|Any CPU.Build.0 = Debug|Any CPU
		{D19344EE-3D30-45DB-A25B-5353861EFE79}.Release|Any CPU.ActiveCfg = Release|Any CPU
		{D19344EE-3D30-45DB-A25B-5353861EFE79}.Release|Any CPU.Build.0 = Release|Any CPU
		{455B1A63-89E9-4BD8-AA80-AF4AA723C296}.Debug|Any CPU.ActiveCfg = Debug|Any CPU
		{455B1A63-89E9-4BD8-AA80-AF4AA723C296}.Debug|Any CPU.Build.0 = Debug|Any CPU
		{455B1A63-89E9-4BD8-AA80-AF4AA723C296}.Release|Any CPU.ActiveCfg = Release|Any CPU
		{455B1A63-89E9-4BD8-AA80-AF4AA723C296}.Release|Any CPU.Build.0 = Release|Any CPU
		{71C49AEE-7DD4-4834-8B06-4070A22D897F}.Debug|Any CPU.ActiveCfg = Debug|Any CPU
		{71C49AEE-7DD4-4834-8B06-4070A22D897F}.Debug|Any CPU.Build.0 = Debug|Any CPU
		{71C49AEE-7DD4-4834-8B06-4070A22D897F}.Release|Any CPU.ActiveCfg = Release|Any CPU
		{71C49AEE-7DD4-4834-8B06-4070A22D897F}.Release|Any CPU.Build.0 = Release|Any CPU
	EndGlobalSection
	GlobalSection(SolutionProperties) = preSolution
		HideSolutionNode = FALSE
	EndGlobalSection
	GlobalSection(ExtensibilityGlobals) = postSolution
		SolutionGuid = {0D4462F8-4C17-4F7C-9C34-7BD2D0BD911A}
	EndGlobalSection
EndGlobal
